
Microsoft Visual Studio Solution File, Format Version 12.00
# Visual Studio Version 17
VisualStudioVersion = 17.12.35209.166
MinimumVisualStudioVersion = 10.0.40219.1
Project("{FAE04EC0-301F-11D3-BF4B-00C04F79EFBC}") = "Amiko.Client", "Amiko.Client\Amiko.Client.csproj", "{DEACF7C1-EEB9-4B40-BD45-41FED497D719}"
EndProject
Project("{FAE04EC0-301F-11D3-BF4B-00C04F79EFBC}") = "Amiko.Server", "Amiko.Server\Amiko.Server.csproj", "{B0CA92D0-07BC-46F4-9790-89034022E976}"
EndProject
Project("{FAE04EC0-301F-11D3-BF4B-00C04F79EFBC}") = "Amiko.Common", "Amiko.Common\Amiko.Common.csproj", "{A601A2A1-2081-4BA7-9B13-206D19953FD2}"
EndProject
Global
	GlobalSection(SolutionConfigurationPlatforms) = preSolution
		Debug|Any CPU = Debug|Any CPU
		Release|Any CPU = Release|Any CPU
	EndGlobalSection
	GlobalSection(ProjectConfigurationPlatforms) = postSolution
		{DEACF7C1-EEB9-4B40-BD45-41FED497D719}.Debug|Any CPU.ActiveCfg = Debug|Any CPU
		{DEACF7C1-EEB9-4B40-BD45-41FED497D719}.Debug|Any CPU.Build.0 = Debug|Any CPU
		{DEACF7C1-EEB9-4B40-BD45-41FED497D719}.Debug|Any CPU.Deploy.0 = Debug|Any CPU
		{DEACF7C1-EEB9-4B40-BD45-41FED497D719}.Release|Any CPU.ActiveCfg = Release|Any CPU
		{DEACF7C1-EEB9-4B40-BD45-41FED497D719}.Release|Any CPU.Build.0 = Release|Any CPU
		{DEACF7C1-EEB9-4B40-BD45-41FED497D719}.Release|Any CPU.Deploy.0 = Release|Any CPU
		{B0CA92D0-07BC-46F4-9790-89034022E976}.Debug|Any CPU.ActiveCfg = Debug|Any CPU
		{B0CA92D0-07BC-46F4-9790-89034022E976}.Debug|Any CPU.Build.0 = Debug|Any CPU
		{B0CA92D0-07BC-46F4-9790-89034022E976}.Release|Any CPU.ActiveCfg = Release|Any CPU
		{B0CA92D0-07BC-46F4-9790-89034022E976}.Release|Any CPU.Build.0 = Release|Any CPU
		{A601A2A1-2081-4BA7-9B13-206D19953FD2}.Debug|Any CPU.ActiveCfg = Debug|Any CPU
		{A601A2A1-2081-4BA7-9B13-206D19953FD2}.Debug|Any CPU.Build.0 = Debug|Any CPU
		{A601A2A1-2081-4BA7-9B13-206D19953FD2}.Release|Any CPU.ActiveCfg = Release|Any CPU
		{A601A2A1-2081-4BA7-9B13-206D19953FD2}.Release|Any CPU.Build.0 = Release|Any CPU
	EndGlobalSection
	GlobalSection(SolutionProperties) = preSolution
		HideSolutionNode = FALSE
	EndGlobalSection
	GlobalSection(ExtensibilityGlobals) = postSolution
		SolutionGuid = {3FC99ECA-886B-4EA5-AD4B-C8A92C37B840}
	EndGlobalSection
EndGlobal
